
Microsoft Visual Studio Solution File, Format Version 12.00
# Visual Studio Version 16
VisualStudioVersion = 16.0.31727.386
MinimumVisualStudioVersion = 10.0.40219.1
Project("{FAE04EC0-301F-11D3-BF4B-00C04F79EFBC}") = "ClassExample2022", "ClassExample2022.csproj", "{D19C22C9-A7AE-44E2-BFA1-855952B28FBA}"
EndProject
Global
	GlobalSection(SolutionConfigurationPlatforms) = preSolution
		Debug|Any CPU = Debug|Any CPU
		Release|Any CPU = Release|Any CPU
	EndGlobalSection
	GlobalSection(ProjectConfigurationPlatforms) = postSolution
		{D19C22C9-A7AE-44E2-BFA1-855952B28FBA}.Debug|Any CPU.ActiveCfg = Debug|Any CPU
		{D19C22C9-A7AE-44E2-BFA1-855952B28FBA}.Debug|Any CPU.Build.0 = Debug|Any CPU
		{D19C22C9-A7AE-44E2-BFA1-855952B28FBA}.Release|Any CPU.ActiveCfg = Release|Any CPU
		{D19C22C9-A7AE-44E2-BFA1-855952B28FBA}.Release|Any CPU.Build.0 = Release|Any CPU
	EndGlobalSection
	GlobalSection(SolutionProperties) = preSolution
		HideSolutionNode = FALSE
	EndGlobalSection
	GlobalSection(ExtensibilityGlobals) = postSolution
		SolutionGuid = {22E67ABC-5060-4BD9-AF7F-DBAA87E47920}
	EndGlobalSection
EndGlobal
